// !$*UTF8*$!
{
	archiveVersion = 1;
	classes = {
	};
	objectVersion = 50;
	objects = {

/* Begin PBXBuildFile section */
		46754AEF2451EC1800873031 /* AppDelegate.swift in Sources */ = {isa = PBXBuildFile; fileRef = 46754AEE2451EC1800873031 /* AppDelegate.swift */; };
		46754AF62451EC1800873031 /* Main.storyboard in Resources */ = {isa = PBXBuildFile; fileRef = 46754AF42451EC1800873031 /* Main.storyboard */; };
		46754AF82451EC1A00873031 /* Assets.xcassets in Resources */ = {isa = PBXBuildFile; fileRef = 46754AF72451EC1A00873031 /* Assets.xcassets */; };
		46754AFB2451EC1A00873031 /* LaunchScreen.storyboard in Resources */ = {isa = PBXBuildFile; fileRef = 46754AF92451EC1A00873031 /* LaunchScreen.storyboard */; };
		46754B1924542D3B00873031 /* ResearchKit.framework in Frameworks */ = {isa = PBXBuildFile; fileRef = 46754B1524542CE400873031 /* ResearchKit.framework */; };
		46754B1A24542D3B00873031 /* ResearchKit.framework in Embed Frameworks */ = {isa = PBXBuildFile; fileRef = 46754B1524542CE400873031 /* ResearchKit.framework */; settings = {ATTRIBUTES = (CodeSignOnCopy, RemoveHeadersOnCopy, ); }; };
		46754B1D24542F0400873031 /* CovidQuestTask.swift in Sources */ = {isa = PBXBuildFile; fileRef = 46754B1C24542F0400873031 /* CovidQuestTask.swift */; };
		46754B1F24542FBC00873031 /* Assessment.storyboard in Resources */ = {isa = PBXBuildFile; fileRef = 46754B1E24542FBC00873031 /* Assessment.storyboard */; };
		46754B2024543A3400873031 /* SelfAssmtViewController.swift in Sources */ = {isa = PBXBuildFile; fileRef = 46754AF22451EC1800873031 /* SelfAssmtViewController.swift */; };
		46754B222454839900873031 /* HealthKitViewController.swift in Sources */ = {isa = PBXBuildFile; fileRef = 46754B212454839900873031 /* HealthKitViewController.swift */; };
		46754B252454871F00873031 /* HealthKit.framework in Frameworks */ = {isa = PBXBuildFile; fileRef = 46754B242454871F00873031 /* HealthKit.framework */; };
		46754B322454980500873031 /* PersonModel.swift in Sources */ = {isa = PBXBuildFile; fileRef = 46754B2F2454980500873031 /* PersonModel.swift */; };
		46754B332454980500873031 /* QRCodeGenarator.swift in Sources */ = {isa = PBXBuildFile; fileRef = 46754B312454980500873031 /* QRCodeGenarator.swift */; };
		46754B352454988900873031 /* RegistrationViewController.swift in Sources */ = {isa = PBXBuildFile; fileRef = 46754B342454988900873031 /* RegistrationViewController.swift */; };
		6DF6C6842455763A00DD1377 /* TutorialViewController.swift in Sources */ = {isa = PBXBuildFile; fileRef = 6DF6C6802455763900DD1377 /* TutorialViewController.swift */; };
		6DF6C6852455763A00DD1377 /* TutorialPageViewController.swift in Sources */ = {isa = PBXBuildFile; fileRef = 6DF6C6812455763900DD1377 /* TutorialPageViewController.swift */; };
		6DF6C6862455763A00DD1377 /* CarouselItem.swift in Sources */ = {isa = PBXBuildFile; fileRef = 6DF6C6822455763A00DD1377 /* CarouselItem.swift */; };
		6DF6C6872455763A00DD1377 /* CarouselItem.xib in Resources */ = {isa = PBXBuildFile; fileRef = 6DF6C6832455763A00DD1377 /* CarouselItem.xib */; };
		6DF6C6892455846800DD1377 /* SceneDelegate.swift in Sources */ = {isa = PBXBuildFile; fileRef = 6DF6C6882455846800DD1377 /* SceneDelegate.swift */; };
		8B53B551245623FF00A6DBA8 /* Scanner.storyboard in Resources */ = {isa = PBXBuildFile; fileRef = 8B53B550245623FF00A6DBA8 /* Scanner.storyboard */; };
		8B53B557245625B400A6DBA8 /* CameraPermissionsManager.swift in Sources */ = {isa = PBXBuildFile; fileRef = 8B53B556245625B400A6DBA8 /* CameraPermissionsManager.swift */; };
		8B53B559245625DE00A6DBA8 /* PresenterUtils.swift in Sources */ = {isa = PBXBuildFile; fileRef = 8B53B558245625DE00A6DBA8 /* PresenterUtils.swift */; };
		8B53B55B2456262A00A6DBA8 /* ScannerViewController.swift in Sources */ = {isa = PBXBuildFile; fileRef = 8B53B55A2456262A00A6DBA8 /* ScannerViewController.swift */; };
		8B53B55D245626F000A6DBA8 /* ScannerViewModel.swift in Sources */ = {isa = PBXBuildFile; fileRef = 8B53B55C245626F000A6DBA8 /* ScannerViewModel.swift */; };
		8B53B55F245627D400A6DBA8 /* Extension.swift in Sources */ = {isa = PBXBuildFile; fileRef = 8B53B55E245627D400A6DBA8 /* Extension.swift */; };
		8B53B5612456322300A6DBA8 /* TrustedDeviceViewController.swift in Sources */ = {isa = PBXBuildFile; fileRef = 8B53B5602456322300A6DBA8 /* TrustedDeviceViewController.swift */; };
		8B84A5F82456B8510056F636 /* TrustedDeviceViewModel.swift in Sources */ = {isa = PBXBuildFile; fileRef = 8B84A5F72456B8510056F636 /* TrustedDeviceViewModel.swift */; };
/* End PBXBuildFile section */

/* Begin PBXContainerItemProxy section */
		46754B1424542CE400873031 /* PBXContainerItemProxy */ = {
			isa = PBXContainerItemProxy;
			containerPortal = 46754B0E24542CE400873031 /* ResearchKit.xcodeproj */;
			proxyType = 2;
			remoteGlobalIDString = B183A5951A8535D100C76870;
			remoteInfo = ResearchKit;
		};
		46754B1624542CE400873031 /* PBXContainerItemProxy */ = {
			isa = PBXContainerItemProxy;
			containerPortal = 46754B0E24542CE400873031 /* ResearchKit.xcodeproj */;
			proxyType = 2;
			remoteGlobalIDString = 86CC8E9A1AC09332001CCD89;
			remoteInfo = ResearchKitTests;
		};
/* End PBXContainerItemProxy section */

/* Begin PBXCopyFilesBuildPhase section */
		46754B1B24542D3B00873031 /* Embed Frameworks */ = {
			isa = PBXCopyFilesBuildPhase;
			buildActionMask = 2147483647;
			dstPath = "";
			dstSubfolderSpec = 10;
			files = (
				46754B1A24542D3B00873031 /* ResearchKit.framework in Embed Frameworks */,
			);
			name = "Embed Frameworks";
			runOnlyForDeploymentPostprocessing = 0;
		};
/* End PBXCopyFilesBuildPhase section */

/* Begin PBXFileReference section */
		46754AEB2451EC1800873031 /* SocialDistanceTracker.app */ = {isa = PBXFileReference; explicitFileType = wrapper.application; includeInIndex = 0; path = SocialDistanceTracker.app; sourceTree = BUILT_PRODUCTS_DIR; };
		46754AEE2451EC1800873031 /* AppDelegate.swift */ = {isa = PBXFileReference; lastKnownFileType = sourcecode.swift; path = AppDelegate.swift; sourceTree = "<group>"; };
		46754AF22451EC1800873031 /* SelfAssmtViewController.swift */ = {isa = PBXFileReference; lastKnownFileType = sourcecode.swift; path = SelfAssmtViewController.swift; sourceTree = "<group>"; };
		46754AF52451EC1800873031 /* Base */ = {isa = PBXFileReference; lastKnownFileType = file.storyboard; name = Base; path = Base.lproj/Main.storyboard; sourceTree = "<group>"; };
		46754AF72451EC1A00873031 /* Assets.xcassets */ = {isa = PBXFileReference; lastKnownFileType = folder.assetcatalog; path = Assets.xcassets; sourceTree = "<group>"; };
		46754AFA2451EC1A00873031 /* Base */ = {isa = PBXFileReference; lastKnownFileType = file.storyboard; name = Base; path = Base.lproj/LaunchScreen.storyboard; sourceTree = "<group>"; };
		46754AFC2451EC1A00873031 /* Info.plist */ = {isa = PBXFileReference; lastKnownFileType = text.plist.xml; path = Info.plist; sourceTree = "<group>"; };
		46754B0E24542CE400873031 /* ResearchKit.xcodeproj */ = {isa = PBXFileReference; lastKnownFileType = "wrapper.pb-project"; name = ResearchKit.xcodeproj; path = RSKit/ResearchKit.xcodeproj; sourceTree = "<group>"; };
		46754B1C24542F0400873031 /* CovidQuestTask.swift */ = {isa = PBXFileReference; fileEncoding = 4; lastKnownFileType = sourcecode.swift; path = CovidQuestTask.swift; sourceTree = "<group>"; };
		46754B1E24542FBC00873031 /* Assessment.storyboard */ = {isa = PBXFileReference; lastKnownFileType = file.storyboard; path = Assessment.storyboard; sourceTree = "<group>"; };
		46754B212454839900873031 /* HealthKitViewController.swift */ = {isa = PBXFileReference; lastKnownFileType = sourcecode.swift; path = HealthKitViewController.swift; sourceTree = "<group>"; };
		46754B232454871E00873031 /* SocialDistanceTracker.entitlements */ = {isa = PBXFileReference; lastKnownFileType = text.plist.entitlements; path = SocialDistanceTracker.entitlements; sourceTree = "<group>"; };
		46754B242454871F00873031 /* HealthKit.framework */ = {isa = PBXFileReference; lastKnownFileType = wrapper.framework; name = HealthKit.framework; path = System/Library/Frameworks/HealthKit.framework; sourceTree = SDKROOT; };
		46754B2F2454980500873031 /* PersonModel.swift */ = {isa = PBXFileReference; fileEncoding = 4; lastKnownFileType = sourcecode.swift; path = PersonModel.swift; sourceTree = "<group>"; };
		46754B312454980500873031 /* QRCodeGenarator.swift */ = {isa = PBXFileReference; fileEncoding = 4; lastKnownFileType = sourcecode.swift; path = QRCodeGenarator.swift; sourceTree = "<group>"; };
		46754B342454988900873031 /* RegistrationViewController.swift */ = {isa = PBXFileReference; lastKnownFileType = sourcecode.swift; path = RegistrationViewController.swift; sourceTree = "<group>"; };
		6DF6C6802455763900DD1377 /* TutorialViewController.swift */ = {isa = PBXFileReference; fileEncoding = 4; lastKnownFileType = sourcecode.swift; path = TutorialViewController.swift; sourceTree = "<group>"; };
		6DF6C6812455763900DD1377 /* TutorialPageViewController.swift */ = {isa = PBXFileReference; fileEncoding = 4; lastKnownFileType = sourcecode.swift; path = TutorialPageViewController.swift; sourceTree = "<group>"; };
		6DF6C6822455763A00DD1377 /* CarouselItem.swift */ = {isa = PBXFileReference; fileEncoding = 4; lastKnownFileType = sourcecode.swift; path = CarouselItem.swift; sourceTree = "<group>"; };
		6DF6C6832455763A00DD1377 /* CarouselItem.xib */ = {isa = PBXFileReference; fileEncoding = 4; lastKnownFileType = file.xib; path = CarouselItem.xib; sourceTree = "<group>"; };
		6DF6C6882455846800DD1377 /* SceneDelegate.swift */ = {isa = PBXFileReference; fileEncoding = 4; lastKnownFileType = sourcecode.swift; path = SceneDelegate.swift; sourceTree = "<group>"; };
		8B53B550245623FF00A6DBA8 /* Scanner.storyboard */ = {isa = PBXFileReference; lastKnownFileType = file.storyboard; path = Scanner.storyboard; sourceTree = "<group>"; };
		8B53B556245625B400A6DBA8 /* CameraPermissionsManager.swift */ = {isa = PBXFileReference; lastKnownFileType = sourcecode.swift; path = CameraPermissionsManager.swift; sourceTree = "<group>"; };
		8B53B558245625DE00A6DBA8 /* PresenterUtils.swift */ = {isa = PBXFileReference; lastKnownFileType = sourcecode.swift; path = PresenterUtils.swift; sourceTree = "<group>"; };
		8B53B55A2456262A00A6DBA8 /* ScannerViewController.swift */ = {isa = PBXFileReference; lastKnownFileType = sourcecode.swift; path = ScannerViewController.swift; sourceTree = "<group>"; };
		8B53B55C245626F000A6DBA8 /* ScannerViewModel.swift */ = {isa = PBXFileReference; lastKnownFileType = sourcecode.swift; path = ScannerViewModel.swift; sourceTree = "<group>"; };
		8B53B55E245627D400A6DBA8 /* Extension.swift */ = {isa = PBXFileReference; lastKnownFileType = sourcecode.swift; path = Extension.swift; sourceTree = "<group>"; };
		8B53B5602456322300A6DBA8 /* TrustedDeviceViewController.swift */ = {isa = PBXFileReference; lastKnownFileType = sourcecode.swift; path = TrustedDeviceViewController.swift; sourceTree = "<group>"; };
		8B84A5F72456B8510056F636 /* TrustedDeviceViewModel.swift */ = {isa = PBXFileReference; lastKnownFileType = sourcecode.swift; path = TrustedDeviceViewModel.swift; sourceTree = "<group>"; };
/* End PBXFileReference section */

/* Begin PBXFrameworksBuildPhase section */
		46754AE82451EC1800873031 /* Frameworks */ = {
			isa = PBXFrameworksBuildPhase;
			buildActionMask = 2147483647;
			files = (
				46754B1924542D3B00873031 /* ResearchKit.framework in Frameworks */,
				46754B252454871F00873031 /* HealthKit.framework in Frameworks */,
			);
			runOnlyForDeploymentPostprocessing = 0;
		};
/* End PBXFrameworksBuildPhase section */

/* Begin PBXGroup section */
		46754AE22451EC1800873031 = {
			isa = PBXGroup;
			children = (
				46754B0D24542CD500873031 /* Researchkit */,
				46754AED2451EC1800873031 /* SocialDistanceTracker */,
				46754AEC2451EC1800873031 /* Products */,
				46754B1824542D3B00873031 /* Frameworks */,
			);
			sourceTree = "<group>";
		};
		46754AEC2451EC1800873031 /* Products */ = {
			isa = PBXGroup;
			children = (
				46754AEB2451EC1800873031 /* SocialDistanceTracker.app */,
			);
			name = Products;
			sourceTree = "<group>";
		};
		46754AED2451EC1800873031 /* SocialDistanceTracker */ = {
			isa = PBXGroup;
			children = (
				6DF6C67C2455762400DD1377 /* Tutorial */,
				46754B2E2454980500873031 /* Model */,
				46754B302454980500873031 /* Utility */,
				46754B232454871E00873031 /* SocialDistanceTracker.entitlements */,
				46754AEE2451EC1800873031 /* AppDelegate.swift */,
				46754AF22451EC1800873031 /* SelfAssmtViewController.swift */,
				6DF6C6882455846800DD1377 /* SceneDelegate.swift */,
				46754B212454839900873031 /* HealthKitViewController.swift */,
				46754B342454988900873031 /* RegistrationViewController.swift */,
				8B53B55A2456262A00A6DBA8 /* ScannerViewController.swift */,
				8B53B5602456322300A6DBA8 /* TrustedDeviceViewController.swift */,
				46754AF42451EC1800873031 /* Main.storyboard */,
				46754B1E24542FBC00873031 /* Assessment.storyboard */,
				8B53B550245623FF00A6DBA8 /* Scanner.storyboard */,
				46754B1C24542F0400873031 /* CovidQuestTask.swift */,
				46754AF72451EC1A00873031 /* Assets.xcassets */,
				46754AF92451EC1A00873031 /* LaunchScreen.storyboard */,
				46754AFC2451EC1A00873031 /* Info.plist */,
			);
			path = SocialDistanceTracker;
			sourceTree = "<group>";
		};
		46754B0D24542CD500873031 /* Researchkit */ = {
			isa = PBXGroup;
			children = (
				46754B0E24542CE400873031 /* ResearchKit.xcodeproj */,
			);
			name = Researchkit;
			sourceTree = "<group>";
		};
		46754B0F24542CE400873031 /* Products */ = {
			isa = PBXGroup;
			children = (
				46754B1524542CE400873031 /* ResearchKit.framework */,
				46754B1724542CE400873031 /* ResearchKitTests.xctest */,
			);
			name = Products;
			sourceTree = "<group>";
		};
		46754B1824542D3B00873031 /* Frameworks */ = {
			isa = PBXGroup;
			children = (
				46754B242454871F00873031 /* HealthKit.framework */,
			);
			name = Frameworks;
			sourceTree = "<group>";
		};
		46754B2E2454980500873031 /* Model */ = {
			isa = PBXGroup;
			children = (
				46754B2F2454980500873031 /* PersonModel.swift */,
				8B53B55C245626F000A6DBA8 /* ScannerViewModel.swift */,
				8B84A5F72456B8510056F636 /* TrustedDeviceViewModel.swift */,
			);
			path = Model;
			sourceTree = "<group>";
		};
		46754B302454980500873031 /* Utility */ = {
			isa = PBXGroup;
			children = (
				46754B312454980500873031 /* QRCodeGenarator.swift */,
				8B53B556245625B400A6DBA8 /* CameraPermissionsManager.swift */,
				8B53B558245625DE00A6DBA8 /* PresenterUtils.swift */,
				8B53B55E245627D400A6DBA8 /* Extension.swift */,
			);
			path = Utility;
			sourceTree = "<group>";
		};
		6DF6C67C2455762400DD1377 /* Tutorial */ = {
			isa = PBXGroup;
			children = (
				6DF6C6822455763A00DD1377 /* CarouselItem.swift */,
				6DF6C6832455763A00DD1377 /* CarouselItem.xib */,
				6DF6C6812455763900DD1377 /* TutorialPageViewController.swift */,
				6DF6C6802455763900DD1377 /* TutorialViewController.swift */,
			);
			path = Tutorial;
			sourceTree = "<group>";
		};
/* End PBXGroup section */

/* Begin PBXNativeTarget section */
		46754AEA2451EC1800873031 /* SocialDistanceTracker */ = {
			isa = PBXNativeTarget;
			buildConfigurationList = 46754AFF2451EC1A00873031 /* Build configuration list for PBXNativeTarget "SocialDistanceTracker" */;
			buildPhases = (
				46754AE72451EC1800873031 /* Sources */,
				46754AE82451EC1800873031 /* Frameworks */,
				46754AE92451EC1800873031 /* Resources */,
				46754B1B24542D3B00873031 /* Embed Frameworks */,
			);
			buildRules = (
			);
			dependencies = (
			);
			name = SocialDistanceTracker;
			productName = SocialDistanceTracker;
			productReference = 46754AEB2451EC1800873031 /* SocialDistanceTracker.app */;
			productType = "com.apple.product-type.application";
		};
/* End PBXNativeTarget section */

/* Begin PBXProject section */
		46754AE32451EC1800873031 /* Project object */ = {
			isa = PBXProject;
			attributes = {
				LastSwiftUpdateCheck = 1130;
				LastUpgradeCheck = 1130;
				ORGANIZATIONNAME = "Ayyalu  Jeyaprakash, Balaji (Cognizant)";
				TargetAttributes = {
					46754AEA2451EC1800873031 = {
						CreatedOnToolsVersion = 11.3;
					};
				};
			};
			buildConfigurationList = 46754AE62451EC1800873031 /* Build configuration list for PBXProject "SocialDistanceTracker" */;
			compatibilityVersion = "Xcode 9.3";
			developmentRegion = en;
			hasScannedForEncodings = 0;
			knownRegions = (
				en,
				Base,
			);
			mainGroup = 46754AE22451EC1800873031;
			productRefGroup = 46754AEC2451EC1800873031 /* Products */;
			projectDirPath = "";
			projectReferences = (
				{
					ProductGroup = 46754B0F24542CE400873031 /* Products */;
					ProjectRef = 46754B0E24542CE400873031 /* ResearchKit.xcodeproj */;
				},
			);
			projectRoot = "";
			targets = (
				46754AEA2451EC1800873031 /* SocialDistanceTracker */,
			);
		};
/* End PBXProject section */

/* Begin PBXReferenceProxy section */
		46754B1524542CE400873031 /* ResearchKit.framework */ = {
			isa = PBXReferenceProxy;
			fileType = wrapper.framework;
			path = ResearchKit.framework;
			remoteRef = 46754B1424542CE400873031 /* PBXContainerItemProxy */;
			sourceTree = BUILT_PRODUCTS_DIR;
		};
		46754B1724542CE400873031 /* ResearchKitTests.xctest */ = {
			isa = PBXReferenceProxy;
			fileType = wrapper.cfbundle;
			path = ResearchKitTests.xctest;
			remoteRef = 46754B1624542CE400873031 /* PBXContainerItemProxy */;
			sourceTree = BUILT_PRODUCTS_DIR;
		};
/* End PBXReferenceProxy section */

/* Begin PBXResourcesBuildPhase section */
		46754AE92451EC1800873031 /* Resources */ = {
			isa = PBXResourcesBuildPhase;
			buildActionMask = 2147483647;
			files = (
				46754AFB2451EC1A00873031 /* LaunchScreen.storyboard in Resources */,
				46754AF82451EC1A00873031 /* Assets.xcassets in Resources */,
				6DF6C6872455763A00DD1377 /* CarouselItem.xib in Resources */,
				46754B1F24542FBC00873031 /* Assessment.storyboard in Resources */,
				46754AF62451EC1800873031 /* Main.storyboard in Resources */,
				8B53B551245623FF00A6DBA8 /* Scanner.storyboard in Resources */,
			);
			runOnlyForDeploymentPostprocessing = 0;
		};
/* End PBXResourcesBuildPhase section */

/* Begin PBXSourcesBuildPhase section */
		46754AE72451EC1800873031 /* Sources */ = {
			isa = PBXSourcesBuildPhase;
			buildActionMask = 2147483647;
			files = (
				46754B322454980500873031 /* PersonModel.swift in Sources */,
				6DF6C6862455763A00DD1377 /* CarouselItem.swift in Sources */,
				8B53B559245625DE00A6DBA8 /* PresenterUtils.swift in Sources */,
				6DF6C6842455763A00DD1377 /* TutorialViewController.swift in Sources */,
				8B53B5612456322300A6DBA8 /* TrustedDeviceViewController.swift in Sources */,
				46754B2024543A3400873031 /* SelfAssmtViewController.swift in Sources */,
				46754B352454988900873031 /* RegistrationViewController.swift in Sources */,
				8B53B557245625B400A6DBA8 /* CameraPermissionsManager.swift in Sources */,
				8B53B55F245627D400A6DBA8 /* Extension.swift in Sources */,
				8B53B55B2456262A00A6DBA8 /* ScannerViewController.swift in Sources */,
				46754AEF2451EC1800873031 /* AppDelegate.swift in Sources */,
				46754B222454839900873031 /* HealthKitViewController.swift in Sources */,
				8B53B55D245626F000A6DBA8 /* ScannerViewModel.swift in Sources */,
				6DF6C6892455846800DD1377 /* SceneDelegate.swift in Sources */,
				8B84A5F82456B8510056F636 /* TrustedDeviceViewModel.swift in Sources */,
				6DF6C6852455763A00DD1377 /* TutorialPageViewController.swift in Sources */,
				46754B1D24542F0400873031 /* CovidQuestTask.swift in Sources */,
				46754B332454980500873031 /* QRCodeGenarator.swift in Sources */,
			);
			runOnlyForDeploymentPostprocessing = 0;
		};
/* End PBXSourcesBuildPhase section */

/* Begin PBXVariantGroup section */
		46754AF42451EC1800873031 /* Main.storyboard */ = {
			isa = PBXVariantGroup;
			children = (
				46754AF52451EC1800873031 /* Base */,
			);
			name = Main.storyboard;
			sourceTree = "<group>";
		};
		46754AF92451EC1A00873031 /* LaunchScreen.storyboard */ = {
			isa = PBXVariantGroup;
			children = (
				46754AFA2451EC1A00873031 /* Base */,
			);
			name = LaunchScreen.storyboard;
			sourceTree = "<group>";
		};
/* End PBXVariantGroup section */

/* Begin XCBuildConfiguration section */
		46754AFD2451EC1A00873031 /* Debug */ = {
			isa = XCBuildConfiguration;
			buildSettings = {
				ALWAYS_SEARCH_USER_PATHS = NO;
				CLANG_ANALYZER_NONNULL = YES;
				CLANG_ANALYZER_NUMBER_OBJECT_CONVERSION = YES_AGGRESSIVE;
				CLANG_CXX_LANGUAGE_STANDARD = "gnu++14";
				CLANG_CXX_LIBRARY = "libc++";
				CLANG_ENABLE_MODULES = YES;
				CLANG_ENABLE_OBJC_ARC = YES;
				CLANG_ENABLE_OBJC_WEAK = YES;
				CLANG_WARN_BLOCK_CAPTURE_AUTORELEASING = YES;
				CLANG_WARN_BOOL_CONVERSION = YES;
				CLANG_WARN_COMMA = YES;
				CLANG_WARN_CONSTANT_CONVERSION = YES;
				CLANG_WARN_DEPRECATED_OBJC_IMPLEMENTATIONS = YES;
				CLANG_WARN_DIRECT_OBJC_ISA_USAGE = YES_ERROR;
				CLANG_WARN_DOCUMENTATION_COMMENTS = YES;
				CLANG_WARN_EMPTY_BODY = YES;
				CLANG_WARN_ENUM_CONVERSION = YES;
				CLANG_WARN_INFINITE_RECURSION = YES;
				CLANG_WARN_INT_CONVERSION = YES;
				CLANG_WARN_NON_LITERAL_NULL_CONVERSION = YES;
				CLANG_WARN_OBJC_IMPLICIT_RETAIN_SELF = YES;
				CLANG_WARN_OBJC_LITERAL_CONVERSION = YES;
				CLANG_WARN_OBJC_ROOT_CLASS = YES_ERROR;
				CLANG_WARN_RANGE_LOOP_ANALYSIS = YES;
				CLANG_WARN_STRICT_PROTOTYPES = YES;
				CLANG_WARN_SUSPICIOUS_MOVE = YES;
				CLANG_WARN_UNGUARDED_AVAILABILITY = YES_AGGRESSIVE;
				CLANG_WARN_UNREACHABLE_CODE = YES;
				CLANG_WARN__DUPLICATE_METHOD_MATCH = YES;
				COPY_PHASE_STRIP = NO;
				DEBUG_INFORMATION_FORMAT = dwarf;
				ENABLE_STRICT_OBJC_MSGSEND = YES;
				ENABLE_TESTABILITY = YES;
				GCC_C_LANGUAGE_STANDARD = gnu11;
				GCC_DYNAMIC_NO_PIC = NO;
				GCC_NO_COMMON_BLOCKS = YES;
				GCC_OPTIMIZATION_LEVEL = 0;
				GCC_PREPROCESSOR_DEFINITIONS = (
					"DEBUG=1",
					"$(inherited)",
				);
				GCC_WARN_64_TO_32_BIT_CONVERSION = YES;
				GCC_WARN_ABOUT_RETURN_TYPE = YES_ERROR;
				GCC_WARN_UNDECLARED_SELECTOR = YES;
				GCC_WARN_UNINITIALIZED_AUTOS = YES_AGGRESSIVE;
				GCC_WARN_UNUSED_FUNCTION = YES;
				GCC_WARN_UNUSED_VARIABLE = YES;
				IPHONEOS_DEPLOYMENT_TARGET = 13.2;
				MTL_ENABLE_DEBUG_INFO = INCLUDE_SOURCE;
				MTL_FAST_MATH = YES;
				ONLY_ACTIVE_ARCH = YES;
				SDKROOT = iphoneos;
				SWIFT_ACTIVE_COMPILATION_CONDITIONS = DEBUG;
				SWIFT_OPTIMIZATION_LEVEL = "-Onone";
			};
			name = Debug;
		};
		46754AFE2451EC1A00873031 /* Release */ = {
			isa = XCBuildConfiguration;
			buildSettings = {
				ALWAYS_SEARCH_USER_PATHS = NO;
				CLANG_ANALYZER_NONNULL = YES;
				CLANG_ANALYZER_NUMBER_OBJECT_CONVERSION = YES_AGGRESSIVE;
				CLANG_CXX_LANGUAGE_STANDARD = "gnu++14";
				CLANG_CXX_LIBRARY = "libc++";
				CLANG_ENABLE_MODULES = YES;
				CLANG_ENABLE_OBJC_ARC = YES;
				CLANG_ENABLE_OBJC_WEAK = YES;
				CLANG_WARN_BLOCK_CAPTURE_AUTORELEASING = YES;
				CLANG_WARN_BOOL_CONVERSION = YES;
				CLANG_WARN_COMMA = YES;
				CLANG_WARN_CONSTANT_CONVERSION = YES;
				CLANG_WARN_DEPRECATED_OBJC_IMPLEMENTATIONS = YES;
				CLANG_WARN_DIRECT_OBJC_ISA_USAGE = YES_ERROR;
				CLANG_WARN_DOCUMENTATION_COMMENTS = YES;
				CLANG_WARN_EMPTY_BODY = YES;
				CLANG_WARN_ENUM_CONVERSION = YES;
				CLANG_WARN_INFINITE_RECURSION = YES;
				CLANG_WARN_INT_CONVERSION = YES;
				CLANG_WARN_NON_LITERAL_NULL_CONVERSION = YES;
				CLANG_WARN_OBJC_IMPLICIT_RETAIN_SELF = YES;
				CLANG_WARN_OBJC_LITERAL_CONVERSION = YES;
				CLANG_WARN_OBJC_ROOT_CLASS = YES_ERROR;
				CLANG_WARN_RANGE_LOOP_ANALYSIS = YES;
				CLANG_WARN_STRICT_PROTOTYPES = YES;
				CLANG_WARN_SUSPICIOUS_MOVE = YES;
				CLANG_WARN_UNGUARDED_AVAILABILITY = YES_AGGRESSIVE;
				CLANG_WARN_UNREACHABLE_CODE = YES;
				CLANG_WARN__DUPLICATE_METHOD_MATCH = YES;
				COPY_PHASE_STRIP = NO;
				DEBUG_INFORMATION_FORMAT = "dwarf-with-dsym";
				ENABLE_NS_ASSERTIONS = NO;
				ENABLE_STRICT_OBJC_MSGSEND = YES;
				GCC_C_LANGUAGE_STANDARD = gnu11;
				GCC_NO_COMMON_BLOCKS = YES;
				GCC_WARN_64_TO_32_BIT_CONVERSION = YES;
				GCC_WARN_ABOUT_RETURN_TYPE = YES_ERROR;
				GCC_WARN_UNDECLARED_SELECTOR = YES;
				GCC_WARN_UNINITIALIZED_AUTOS = YES_AGGRESSIVE;
				GCC_WARN_UNUSED_FUNCTION = YES;
				GCC_WARN_UNUSED_VARIABLE = YES;
				IPHONEOS_DEPLOYMENT_TARGET = 13.2;
				MTL_ENABLE_DEBUG_INFO = NO;
				MTL_FAST_MATH = YES;
				SDKROOT = iphoneos;
				SWIFT_COMPILATION_MODE = wholemodule;
				SWIFT_OPTIMIZATION_LEVEL = "-O";
				VALIDATE_PRODUCT = YES;
			};
			name = Release;
		};
		46754B002451EC1A00873031 /* Debug */ = {
			isa = XCBuildConfiguration;
			buildSettings = {
				ASSETCATALOG_COMPILER_APPICON_NAME = AppIcon;
				CODE_SIGN_ENTITLEMENTS = SocialDistanceTracker/SocialDistanceTracker.entitlements;
				CODE_SIGN_STYLE = Automatic;
				INFOPLIST_FILE = SocialDistanceTracker/Info.plist;
				IPHONEOS_DEPLOYMENT_TARGET = 13.0;
				LD_RUNPATH_SEARCH_PATHS = (
					"$(inherited)",
					"@executable_path/Frameworks",
				);
				PRODUCT_BUNDLE_IDENTIFIER = com.ibmhack.SocialDistanceTracker;
				PRODUCT_NAME = "$(TARGET_NAME)";
				SWIFT_VERSION = 5.0;
				TARGETED_DEVICE_FAMILY = "1,2";
			};
			name = Debug;
		};
		46754B012451EC1A00873031 /* Release */ = {
			isa = XCBuildConfiguration;
			buildSettings = {
				ASSETCATALOG_COMPILER_APPICON_NAME = AppIcon;
				CODE_SIGN_ENTITLEMENTS = SocialDistanceTracker/SocialDistanceTracker.entitlements;
				CODE_SIGN_STYLE = Automatic;
				INFOPLIST_FILE = SocialDistanceTracker/Info.plist;
				IPHONEOS_DEPLOYMENT_TARGET = 13.0;
				LD_RUNPATH_SEARCH_PATHS = (
					"$(inherited)",
					"@executable_path/Frameworks",
				);
				PRODUCT_BUNDLE_IDENTIFIER = com.ibmhack.SocialDistanceTracker;
				PRODUCT_NAME = "$(TARGET_NAME)";
				SWIFT_VERSION = 5.0;
				TARGETED_DEVICE_FAMILY = "1,2";
			};
			name = Release;
		};
/* End XCBuildConfiguration section */

/* Begin XCConfigurationList section */
		46754AE62451EC1800873031 /* Build configuration list for PBXProject "SocialDistanceTracker" */ = {
			isa = XCConfigurationList;
			buildConfigurations = (
				46754AFD2451EC1A00873031 /* Debug */,
				46754AFE2451EC1A00873031 /* Release */,
			);
			defaultConfigurationIsVisible = 0;
			defaultConfigurationName = Release;
		};
		46754AFF2451EC1A00873031 /* Build configuration list for PBXNativeTarget "SocialDistanceTracker" */ = {
			isa = XCConfigurationList;
			buildConfigurations = (
				46754B002451EC1A00873031 /* Debug */,
				46754B012451EC1A00873031 /* Release */,
			);
			defaultConfigurationIsVisible = 0;
			defaultConfigurationName = Release;
		};
/* End XCConfigurationList section */
	};
	rootObject = 46754AE32451EC1800873031 /* Project object */;
}
